
Microsoft Visual Studio Solution File, Format Version 12.00
# Visual Studio Version 16
VisualStudioVersion = 16.0.30711.63
MinimumVisualStudioVersion = 10.0.40219.1
Project("{FAE04EC0-301F-11D3-BF4B-00C04F79EFBC}") = "Web_Project", "Web_Project\Web_Project.csproj", "{FB350D2B-3871-4F33-9E02-07067D4B0066}"
EndProject
Global
	GlobalSection(SolutionConfigurationPlatforms) = preSolution
		Debug|Any CPU = Debug|Any CPU
		Release|Any CPU = Release|Any CPU
	EndGlobalSection
	GlobalSection(ProjectConfigurationPlatforms) = postSolution
		{FB350D2B-3871-4F33-9E02-07067D4B0066}.Debug|Any CPU.ActiveCfg = Debug|Any CPU
		{FB350D2B-3871-4F33-9E02-07067D4B0066}.Debug|Any CPU.Build.0 = Debug|Any CPU
		{FB350D2B-3871-4F33-9E02-07067D4B0066}.Release|Any CPU.ActiveCfg = Release|Any CPU
		{FB350D2B-3871-4F33-9E02-07067D4B0066}.Release|Any CPU.Build.0 = Release|Any CPU
	EndGlobalSection
	GlobalSection(SolutionProperties) = preSolution
		HideSolutionNode = FALSE
	EndGlobalSection
	GlobalSection(ExtensibilityGlobals) = postSolution
		SolutionGuid = {55313F4B-CD27-4E75-8D0F-EAE1B2652AF5}
	EndGlobalSection
EndGlobal
